
Microsoft Visual Studio Solution File, Format Version 12.00
# Visual Studio 15
VisualStudioVersion = 15.0.27703.2035
MinimumVisualStudioVersion = 10.0.40219.1
Project("{FAE04EC0-301F-11D3-BF4B-00C04F79EFBC}") = "Classquiz", "Classquiz\Classquiz.csproj", "{998FB5B4-A63A-43EA-97B9-6498A332EDA4}"
EndProject
Project("{FAE04EC0-301F-11D3-BF4B-00C04F79EFBC}") = "ClassLibrary1", "ClassLibrary1\ClassLibrary1.csproj", "{7FEF056E-92AE-420F-B11A-61200F989C8D}"
EndProject
Project("{FAE04EC0-301F-11D3-BF4B-00C04F79EFBC}") = "UnitTestProject1", "UnitTestProject1\UnitTestProject1.csproj", "{900E4038-7A87-4AB9-BA01-21B87831171E}"
EndProject
Global
	GlobalSection(SolutionConfigurationPlatforms) = preSolution
		Debug|Any CPU = Debug|Any CPU
		Release|Any CPU = Release|Any CPU
	EndGlobalSection
	GlobalSection(ProjectConfigurationPlatforms) = postSolution
		{998FB5B4-A63A-43EA-97B9-6498A332EDA4}.Debug|Any CPU.ActiveCfg = Debug|Any CPU
		{998FB5B4-A63A-43EA-97B9-6498A332EDA4}.Debug|Any CPU.Build.0 = Debug|Any CPU
		{998FB5B4-A63A-43EA-97B9-6498A332EDA4}.Release|Any CPU.ActiveCfg = Release|Any CPU
		{998FB5B4-A63A-43EA-97B9-6498A332EDA4}.Release|Any CPU.Build.0 = Release|Any CPU
		{7FEF056E-92AE-420F-B11A-61200F989C8D}.Debug|Any CPU.ActiveCfg = Debug|Any CPU
		{7FEF056E-92AE-420F-B11A-61200F989C8D}.Debug|Any CPU.Build.0 = Debug|Any CPU
		{7FEF056E-92AE-420F-B11A-61200F989C8D}.Release|Any CPU.ActiveCfg = Release|Any CPU
		{7FEF056E-92AE-420F-B11A-61200F989C8D}.Release|Any CPU.Build.0 = Release|Any CPU
		{900E4038-7A87-4AB9-BA01-21B87831171E}.Debug|Any CPU.ActiveCfg = Debug|Any CPU
		{900E4038-7A87-4AB9-BA01-21B87831171E}.Debug|Any CPU.Build.0 = Debug|Any CPU
		{900E4038-7A87-4AB9-BA01-21B87831171E}.Release|Any CPU.ActiveCfg = Release|Any CPU
		{900E4038-7A87-4AB9-BA01-21B87831171E}.Release|Any CPU.Build.0 = Release|Any CPU
	EndGlobalSection
	GlobalSection(SolutionProperties) = preSolution
		HideSolutionNode = FALSE
	EndGlobalSection
	GlobalSection(ExtensibilityGlobals) = postSolution
		SolutionGuid = {36504B7B-14FC-46B6-A3EC-32C256942009}
	EndGlobalSection
EndGlobal
